
Microsoft Visual Studio Solution File, Format Version 12.00
# Visual Studio Version 17
VisualStudioVersion = 17.13.35825.156 d17.13
MinimumVisualStudioVersion = 10.0.40219.1
Project("{FAE04EC0-301F-11D3-BF4B-00C04F79EFBC}") = "CRM.Api", "CRM.Api.csproj", "{086E83C5-F5A0-4C04-A2B5-AED6CB6C42DD}"
EndProject
Project("{2150E333-8FDC-42A3-9474-1A3956D46DE8}") = "Presentation", "Presentation", "{02EA681E-C7D8-13C7-8484-4AC65E1B71E8}"
EndProject
Project("{2150E333-8FDC-42A3-9474-1A3956D46DE8}") = "Core", "Core", "{70B535C7-F101-42B2-B1B5-47787AAD68BC}"
EndProject
Project("{2150E333-8FDC-42A3-9474-1A3956D46DE8}") = "Infra", "Infra", "{7F61D50A-FEAA-4C14-BC39-4CBF03E920C0}"
EndProject
Project("{2150E333-8FDC-42A3-9474-1A3956D46DE8}") = "Tests", "Tests", "{411872FC-8470-4A84-B501-74620738F240}"
EndProject
Project("{FAE04EC0-301F-11D3-BF4B-00C04F79EFBC}") = "CRM.Commom", "..\CRM.Commom\CRM.Commom.csproj", "{FC45F2C0-0D0B-485B-AEEF-B83DE5EA8FE3}"
EndProject
Project("{FAE04EC0-301F-11D3-BF4B-00C04F79EFBC}") = "CRM.Domain", "..\Domain\CRM.Domain.csproj", "{F2DA7C76-23F1-4528-BE55-4001D6D97E88}"
EndProject
Project("{FAE04EC0-301F-11D3-BF4B-00C04F79EFBC}") = "CRM.Application", "..\CRM.Application\CRM.Application.csproj", "{97641E97-B26F-42CF-86EF-0B0083328675}"
EndProject
Project("{FAE04EC0-301F-11D3-BF4B-00C04F79EFBC}") = "CRM.CrossCutting", "..\CRM.CrossCutting\CRM.CrossCutting.csproj", "{45F21628-1B70-4317-B186-2AA5F8CF741F}"
EndProject
Project("{FAE04EC0-301F-11D3-BF4B-00C04F79EFBC}") = "CRM.Data", "..\CRM.Data\CRM.Data.csproj", "{8923EE5C-E49A-435F-AB07-742FF1F5F215}"
EndProject
Project("{FAE04EC0-301F-11D3-BF4B-00C04F79EFBC}") = "CRM.Tests", "..\CRM.Tests\CRM.Tests.csproj", "{C1D6D8F5-85CB-45B6-85A6-C38D97889C5E}"
EndProject
Global
	GlobalSection(SolutionConfigurationPlatforms) = preSolution
		Debug|Any CPU = Debug|Any CPU
		Release|Any CPU = Release|Any CPU
	EndGlobalSection
	GlobalSection(ProjectConfigurationPlatforms) = postSolution
		{086E83C5-F5A0-4C04-A2B5-AED6CB6C42DD}.Debug|Any CPU.ActiveCfg = Debug|Any CPU
		{086E83C5-F5A0-4C04-A2B5-AED6CB6C42DD}.Debug|Any CPU.Build.0 = Debug|Any CPU
		{086E83C5-F5A0-4C04-A2B5-AED6CB6C42DD}.Release|Any CPU.ActiveCfg = Release|Any CPU
		{086E83C5-F5A0-4C04-A2B5-AED6CB6C42DD}.Release|Any CPU.Build.0 = Release|Any CPU
		{FC45F2C0-0D0B-485B-AEEF-B83DE5EA8FE3}.Debug|Any CPU.ActiveCfg = Debug|Any CPU
		{FC45F2C0-0D0B-485B-AEEF-B83DE5EA8FE3}.Debug|Any CPU.Build.0 = Debug|Any CPU
		{FC45F2C0-0D0B-485B-AEEF-B83DE5EA8FE3}.Release|Any CPU.ActiveCfg = Release|Any CPU
		{FC45F2C0-0D0B-485B-AEEF-B83DE5EA8FE3}.Release|Any CPU.Build.0 = Release|Any CPU
		{F2DA7C76-23F1-4528-BE55-4001D6D97E88}.Debug|Any CPU.ActiveCfg = Debug|Any CPU
		{F2DA7C76-23F1-4528-BE55-4001D6D97E88}.Debug|Any CPU.Build.0 = Debug|Any CPU
		{F2DA7C76-23F1-4528-BE55-4001D6D97E88}.Release|Any CPU.ActiveCfg = Release|Any CPU
		{F2DA7C76-23F1-4528-BE55-4001D6D97E88}.Release|Any CPU.Build.0 = Release|Any CPU
		{97641E97-B26F-42CF-86EF-0B0083328675}.Debug|Any CPU.ActiveCfg = Debug|Any CPU
		{97641E97-B26F-42CF-86EF-0B0083328675}.Debug|Any CPU.Build.0 = Debug|Any CPU
		{97641E97-B26F-42CF-86EF-0B0083328675}.Release|Any CPU.ActiveCfg = Release|Any CPU
		{97641E97-B26F-42CF-86EF-0B0083328675}.Release|Any CPU.Build.0 = Release|Any CPU
		{45F21628-1B70-4317-B186-2AA5F8CF741F}.Debug|Any CPU.ActiveCfg = Debug|Any CPU
		{45F21628-1B70-4317-B186-2AA5F8CF741F}.Debug|Any CPU.Build.0 = Debug|Any CPU
		{45F21628-1B70-4317-B186-2AA5F8CF741F}.Release|Any CPU.ActiveCfg = Release|Any CPU
		{45F21628-1B70-4317-B186-2AA5F8CF741F}.Release|Any CPU.Build.0 = Release|Any CPU
		{8923EE5C-E49A-435F-AB07-742FF1F5F215}.Debug|Any CPU.ActiveCfg = Debug|Any CPU
		{8923EE5C-E49A-435F-AB07-742FF1F5F215}.Debug|Any CPU.Build.0 = Debug|Any CPU
		{8923EE5C-E49A-435F-AB07-742FF1F5F215}.Release|Any CPU.ActiveCfg = Release|Any CPU
		{8923EE5C-E49A-435F-AB07-742FF1F5F215}.Release|Any CPU.Build.0 = Release|Any CPU
		{C1D6D8F5-85CB-45B6-85A6-C38D97889C5E}.Debug|Any CPU.ActiveCfg = Debug|Any CPU
		{C1D6D8F5-85CB-45B6-85A6-C38D97889C5E}.Debug|Any CPU.Build.0 = Debug|Any CPU
		{C1D6D8F5-85CB-45B6-85A6-C38D97889C5E}.Release|Any CPU.ActiveCfg = Release|Any CPU
		{C1D6D8F5-85CB-45B6-85A6-C38D97889C5E}.Release|Any CPU.Build.0 = Release|Any CPU
	EndGlobalSection
	GlobalSection(SolutionProperties) = preSolution
		HideSolutionNode = FALSE
	EndGlobalSection
	GlobalSection(NestedProjects) = preSolution
		{086E83C5-F5A0-4C04-A2B5-AED6CB6C42DD} = {02EA681E-C7D8-13C7-8484-4AC65E1B71E8}
		{FC45F2C0-0D0B-485B-AEEF-B83DE5EA8FE3} = {70B535C7-F101-42B2-B1B5-47787AAD68BC}
		{F2DA7C76-23F1-4528-BE55-4001D6D97E88} = {70B535C7-F101-42B2-B1B5-47787AAD68BC}
		{97641E97-B26F-42CF-86EF-0B0083328675} = {70B535C7-F101-42B2-B1B5-47787AAD68BC}
		{45F21628-1B70-4317-B186-2AA5F8CF741F} = {7F61D50A-FEAA-4C14-BC39-4CBF03E920C0}
		{8923EE5C-E49A-435F-AB07-742FF1F5F215} = {7F61D50A-FEAA-4C14-BC39-4CBF03E920C0}
		{C1D6D8F5-85CB-45B6-85A6-C38D97889C5E} = {411872FC-8470-4A84-B501-74620738F240}
	EndGlobalSection
	GlobalSection(ExtensibilityGlobals) = postSolution
		SolutionGuid = {B7ABE7E8-E10F-4B2A-920E-3A3DDC479BD9}
	EndGlobalSection
EndGlobal
